Microsoft Visual Studio Solution File, Format Version 12.00
# Visual Studio Version 17
VisualStudioVersion = 17.5.2.0
MinimumVisualStudioVersion = 10.0.40219.1
Project("{2150E333-8FDC-42A3-9474-1A3956D46DE8}") = "apps", "apps", "{1787FE1D-075E-9E68-7218-25F1BD1BBEAB}"
EndProject
Project("{FAE04EC0-301F-11D3-BF4B-00C04F79EFBC}") = "logistics-frontend", "apps\logistics-frontend\logistics-frontend.csproj", "{B05E24CF-674E-B424-6528-1A4AA8B6118B}"
EndProject
Global
	GlobalSection(SolutionConfigurationPlatforms) = preSolution
		Debug|Any CPU = Debug|Any CPU
		Release|Any CPU = Release|Any CPU
	EndGlobalSection
	GlobalSection(ProjectConfigurationPlatforms) = postSolution
		{B05E24CF-674E-B424-6528-1A4AA8B6118B}.Debug|Any CPU.ActiveCfg = Debug|Any CPU
		{B05E24CF-674E-B424-6528-1A4AA8B6118B}.Debug|Any CPU.Build.0 = Debug|Any CPU
		{B05E24CF-674E-B424-6528-1A4AA8B6118B}.Release|Any CPU.ActiveCfg = Release|Any CPU
		{B05E24CF-674E-B424-6528-1A4AA8B6118B}.Release|Any CPU.Build.0 = Release|Any CPU
	EndGlobalSection
	GlobalSection(SolutionProperties) = preSolution
		HideSolutionNode = FALSE
	EndGlobalSection
	GlobalSection(NestedProjects) = preSolution
		{B05E24CF-674E-B424-6528-1A4AA8B6118B} = {1787FE1D-075E-9E68-7218-25F1BD1BBEAB}
	EndGlobalSection
	GlobalSection(ExtensibilityGlobals) = postSolution
		SolutionGuid = {9E4D12AC-B218-48AC-9612-6B0FF885BAB5}
	EndGlobalSection
EndGlobal
